hash: 276e0c87b2753fa7ef88a55fb1e72982628e97af5bd01134a32586bf7a82c6c7
updated: 2017-12-08T13:54:02.985887153+09:00
imports:
- name: github.com/go-sql-driver/mysql
  version: 9181e3a86a19bacd63e68d43ae8b7b36320d8092
- name: github.com/gorilla/context
  version: 08b5f424b9271eedf6f9f0ce86cb9396ed337a42
- name: github.com/gorilla/mux
  version: 7904d2e42e7ebbdb4a6eb3e57eb201b11df25c57
- name: github.com/gorilla/securecookie
  version: e59506cc896acb7f7bf732d4fdf5e25f7ccd8983
- name: github.com/gorilla/sessions
  version: a3acf13e802c358d65f249324d14ed24aac11370
- name: github.com/newrelic/go-agent
  version: f5bce3387232559bcbe6a5f8227c4bf508dac1ba
  subpackages:
  - internal
  - internal/cat
  - internal/jsonx
  - internal/logger
  - internal/sysinfo
  - internal/utilization
- name: github.com/unrolled/render
  version: 65450fb6b2d3595beca39f969c411db8f8d5c806
- name: google.golang.org/appengine
  version: 9d8544a6b2c7df9cff240fcf92d7b2f59bc13416
  subpackages:
  - cloudsql
testImports: []
